%{
  "dialyxir": {:hex, :dialyxir, "1.0.0-rc.7", "6287f8f2cb45df8584317a4be1075b8c9b8a69de8eeb82b4d9e6c761cf2664cd", [:mix], [{:erlex, ">= 0.2.5", [hex: :erlex, repo: "hexpm", optional: false]}], "hexpm", "506294d6c543e4e5282d4852aead19ace8a35bedeb043f9256a06a6336827122"},
  "elixir_sense": {:git, "https://github.com/elixir-lsp/elixir_sense.git", "8fb6d919a01548ecbab5da434ce47812f4785aff", []},
  "erl2ex": {:git, "https://github.com/dazuma/erl2ex.git", "244c2d9ed5805ef4855a491d8616b8842fef7ca4", []},
  "erlex": {:hex, :erlex, "0.2.5", "e51132f2f472e13d606d808f0574508eeea2030d487fc002b46ad97e738b0510", [:mix], [], "hexpm", "756d3e19b056339af674b715fdd752c5dac468cf9d0e2d1a03abf4574e99fbf8"},
  "forms": {:hex, :forms, "0.0.1", "45f3b10b6f859f95f2c2c1a1de244d63855296d55ed8e93eb0dd116b3e86c4a6", [:rebar3], [], "hexpm", "530f63ed8ed5a171f744fc75bd69cb2e36496899d19dbef48101b4636b795868"},
  "jason": {:hex, :jason, "1.1.2", "b03dedea67a99223a2eaf9f1264ce37154564de899fd3d8b9a21b1a6fd64afe7", [:mix], [{:decimal, "~> 1.0", [hex: :decimal, repo: "hexpm", optional: true]}], "hexpm", "fdf843bca858203ae1de16da2ee206f53416bbda5dc8c9e78f43243de4bc3afe"},
  "mix_task_archive_deps": {:git, "https://github.com/JakeBecker/mix_task_archive_deps.git", "50301a4314e3cc1104f77a8208d5b66ee382970b", []},
}
